// !$*UTF8*$!
{
	archiveVersion = 1;
	classes = {
	};
	objectVersion = 48;
	objects = {

/* Begin PBXBuildFile section */
		3D850973829419EDFFBC22E9 /* Pods_PuttMetricsAPP.framework in Frameworks */ = {isa = PBXBuildFile; fileRef = DE3A094F50BDB4707F4453E4 /* Pods_PuttMetricsAPP.framework */; };
		CE1FCEB61FD73BC6002A8263 /* RoundedEdgesLabels.swift in Sources */ = {isa = PBXBuildFile; fileRef = CE1FCEB51FD73BC6002A8263 /* RoundedEdgesLabels.swift */; };
		CE1FCEB81FD73C0A002A8263 /* FivetoTheGoodLabels.swift in Sources */ = {isa = PBXBuildFile; fileRef = CE1FCEB71FD73C0A002A8263 /* FivetoTheGoodLabels.swift */; };
		CE1FCEBC1FD8A31D002A8263 /* DistanceScoring.swift in Sources */ = {isa = PBXBuildFile; fileRef = CE1FCEBB1FD8A31D002A8263 /* DistanceScoring.swift */; };
		CE1FCEBE1FD8D5E9002A8263 /* TotalScoringArrayForTugOfWar.swift in Sources */ = {isa = PBXBuildFile; fileRef = CE1FCEBD1FD8D5E9002A8263 /* TotalScoringArrayForTugOfWar.swift */; };
		CE1FCEC01FD9A8F7002A8263 /* ResultsTugOfWarVC.swift in Sources */ = {isa = PBXBuildFile; fileRef = CE1FCEBF1FD9A8F7002A8263 /* ResultsTugOfWarVC.swift */; };
		CE49148F1FE4888C000B1D2F /* TotalScores+CoreDataProperties.swift in Sources */ = {isa = PBXBuildFile; fileRef = CE49148E1FE4888B000B1D2F /* TotalScores+CoreDataProperties.swift */; };
		CE5302071FE17BBB003CC5B1 /* TenFeetScores+CoreDataProperties.swift in Sources */ = {isa = PBXBuildFile; fileRef = CE5302031FE17BBA003CC5B1 /* TenFeetScores+CoreDataProperties.swift */; };
		CE5302081FE17BBB003CC5B1 /* TotalScores+CoreDataClass.swift in Sources */ = {isa = PBXBuildFile; fileRef = CE5302041FE17BBB003CC5B1 /* TotalScores+CoreDataClass.swift */; };
		CE5302091FE17BBB003CC5B1 /* TenFeetScores+CoreDataClass.swift in Sources */ = {isa = PBXBuildFile; fileRef = CE5302051FE17BBB003CC5B1 /* TenFeetScores+CoreDataClass.swift */; };
		CE53022D1FE17ECA003CC5B1 /* PersistenceService.swift in Sources */ = {isa = PBXBuildFile; fileRef = CE53022C1FE17ECA003CC5B1 /* PersistenceService.swift */; };
		CE5302421FE1B876003CC5B1 /* SixtyFeetScores+CoreDataProperties.swift in Sources */ = {isa = PBXBuildFile; fileRef = CE53022E1FE1B871003CC5B1 /* SixtyFeetScores+CoreDataProperties.swift */; };
		CE5302431FE1B876003CC5B1 /* FortyFeetScores+CoreDataClass.swift in Sources */ = {isa = PBXBuildFile; fileRef = CE53022F1FE1B871003CC5B1 /* FortyFeetScores+CoreDataClass.swift */; };
		CE5302441FE1B876003CC5B1 /* FiftyFiveFeetScores+CoreDataClass.swift in Sources */ = {isa = PBXBuildFile; fileRef = CE5302301FE1B871003CC5B1 /* FiftyFiveFeetScores+CoreDataClass.swift */; };
		CE5302451FE1B876003CC5B1 /* TwentyFeetScores+CoreDataClass.swift in Sources */ = {isa = PBXBuildFile; fileRef = CE5302311FE1B871003CC5B1 /* TwentyFeetScores+CoreDataClass.swift */; };
		CE5302461FE1B876003CC5B1 /* FiftyFiveFeetScores+CoreDataProperties.swift in Sources */ = {isa = PBXBuildFile; fileRef = CE5302321FE1B872003CC5B1 /* FiftyFiveFeetScores+CoreDataProperties.swift */; };
		CE5302471FE1B876003CC5B1 /* ThirtyFiveFeetScores+CoreDataClass.swift in Sources */ = {isa = PBXBuildFile; fileRef = CE5302331FE1B872003CC5B1 /* ThirtyFiveFeetScores+CoreDataClass.swift */; };
		CE5302481FE1B876003CC5B1 /* ThirtyFiveFeetScores+CoreDataProperties.swift in Sources */ = {isa = PBXBuildFile; fileRef = CE5302341FE1B872003CC5B1 /* ThirtyFiveFeetScores+CoreDataProperties.swift */; };
		CE5302491FE1B876003CC5B1 /* FortyFiveFeetScores+CoreDataClass.swift in Sources */ = {isa = PBXBuildFile; fileRef = CE5302351FE1B872003CC5B1 /* FortyFiveFeetScores+CoreDataClass.swift */; };
		CE53024A1FE1B876003CC5B1 /* FortyFiveFeetScores+CoreDataProperties.swift in Sources */ = {isa = PBXBuildFile; fileRef = CE5302361FE1B873003CC5B1 /* FortyFiveFeetScores+CoreDataProperties.swift */; };
		CE53024B1FE1B876003CC5B1 /* FifteenFeetScores+CoreDataClass.swift in Sources */ = {isa = PBXBuildFile; fileRef = CE5302371FE1B873003CC5B1 /* FifteenFeetScores+CoreDataClass.swift */; };
		CE53024C1FE1B876003CC5B1 /* FiftyFeetScores+CoreDataClass.swift in Sources */ = {isa = PBXBuildFile; fileRef = CE5302381FE1B873003CC5B1 /* FiftyFeetScores+CoreDataClass.swift */; };
		CE53024D1FE1B876003CC5B1 /* TwentyFeetScores+CoreDataProperties.swift in Sources */ = {isa = PBXBuildFile; fileRef = CE5302391FE1B873003CC5B1 /* TwentyFeetScores+CoreDataProperties.swift */; };
		CE53024E1FE1B876003CC5B1 /* ThirtyFeetScores+CoreDataProperties.swift in Sources */ = {isa = PBXBuildFile; fileRef = CE53023A1FE1B874003CC5B1 /* ThirtyFeetScores+CoreDataProperties.swift */; };
		CE53024F1FE1B876003CC5B1 /* TwentyFiveFeetScores+CoreDataProperties.swift in Sources */ = {isa = PBXBuildFile; fileRef = CE53023B1FE1B874003CC5B1 /* TwentyFiveFeetScores+CoreDataProperties.swift */; };
		CE5302501FE1B876003CC5B1 /* ThirtyFeetScores+CoreDataClass.swift in Sources */ = {isa = PBXBuildFile; fileRef = CE53023C1FE1B874003CC5B1 /* ThirtyFeetScores+CoreDataClass.swift */; };
		CE5302511FE1B876003CC5B1 /* FifteenFeetScores+CoreDataProperties.swift in Sources */ = {isa = PBXBuildFile; fileRef = CE53023D1FE1B874003CC5B1 /* FifteenFeetScores+CoreDataProperties.swift */; };
		CE5302521FE1B876003CC5B1 /* FiftyFeetScores+CoreDataProperties.swift in Sources */ = {isa = PBXBuildFile; fileRef = CE53023E1FE1B875003CC5B1 /* FiftyFeetScores+CoreDataProperties.swift */; };
		CE5302531FE1B876003CC5B1 /* SixtyFeetScores+CoreDataClass.swift in Sources */ = {isa = PBXBuildFile; fileRef = CE53023F1FE1B875003CC5B1 /* SixtyFeetScores+CoreDataClass.swift */; };
		CE5302541FE1B876003CC5B1 /* FortyFeetScores+CoreDataProperties.swift in Sources */ = {isa = PBXBuildFile; fileRef = CE5302401FE1B875003CC5B1 /* FortyFeetScores+CoreDataProperties.swift */; };
		CE5302551FE1B876003CC5B1 /* TwentyFiveFeetScores+CoreDataClass.swift in Sources */ = {isa = PBXBuildFile; fileRef = CE5302411FE1B875003CC5B1 /* TwentyFiveFeetScores+CoreDataClass.swift */; };
		CE968F271FE5F0B300571738 /* icon attributions.swift in Sources */ = {isa = PBXBuildFile; fileRef = CE968F261FE5F0B300571738 /* icon attributions.swift */; };
		CEB2C48D1FDF0E8400F4BC5E /* tableViewCellResultsPuttOfWarTableViewCell.swift in Sources */ = {isa = PBXBuildFile; fileRef = CEB2C48C1FDF0E8400F4BC5E /* tableViewCellResultsPuttOfWarTableViewCell.swift */; };
		CEB2C4B11FE0231000F4BC5E /* PuttMetricsAPP.xcdatamodeld in Sources */ = {isa = PBXBuildFile; fileRef = CEB2C4AF1FE0231000F4BC5E /* PuttMetricsAPP.xcdatamodeld */; };
		CEE82A8A1FD333B200EA1414 /* AppDelegate.swift in Sources */ = {isa = PBXBuildFile; fileRef = CEE82A891FD333B200EA1414 /* AppDelegate.swift */; };
		CEE82A8C1FD333B200EA1414 /* ViewController.swift in Sources */ = {isa = PBXBuildFile; fileRef = CEE82A8B1FD333B200EA1414 /* ViewController.swift */; };
		CEE82A911FD333B200EA1414 /* Assets.xcassets in Resources */ = {isa = PBXBuildFile; fileRef = CEE82A901FD333B200EA1414 /* Assets.xcassets */; };
		CEE82A941FD333B200EA1414 /* LaunchScreen.storyboard in Resources */ = {isa = PBXBuildFile; fileRef = CEE82A921FD333B200EA1414 /* LaunchScreen.storyboard */; };
		CEE82AA01FD3360B00EA1414 /* Default-568h@2x.png in Resources */ = {isa = PBXBuildFile; fileRef = CEE82A9F1FD3360B00EA1414 /* Default-568h@2x.png */; };
		CEE82AA21FD3376500EA1414 /* FivePuttsPerLevelGameVC.swift in Sources */ = {isa = PBXBuildFile; fileRef = CEE82AA11FD3376500EA1414 /* FivePuttsPerLevelGameVC.swift */; };
		CEE82AA51FD3390700EA1414 /* ToggleButton.swift in Sources */ = {isa = PBXBuildFile; fileRef = CEE82AA41FD3390700EA1414 /* ToggleButton.swift */; };
		CEE82AC51FD3C16300EA1414 /* FivePutts.xib in Resources */ = {isa = PBXBuildFile; fileRef = CEE82AC41FD3C16300EA1414 /* FivePutts.xib */; };
		CEE82AC71FD3C41200EA1414 /* FivePuttsXib.swift in Sources */ = {isa = PBXBuildFile; fileRef = CEE82AC61FD3C41200EA1414 /* FivePuttsXib.swift */; };
		CEE82AC91FD3F18F00EA1414 /* main.storyboard in Resources */ = {isa = PBXBuildFile; fileRef = CEE82AC81FD3F18F00EA1414 /* main.storyboard */; };
/* End PBXBuildFile section */

/* Begin PBXFileReference section */
		0D7106F2E8A4EFE56BEABC6E /* Pods-PuttMetricsAPP.debug.xcconfig */ = {isa = PBXFileReference; includeInIndex = 1; lastKnownFileType = text.xcconfig; name = "Pods-PuttMetricsAPP.debug.xcconfig"; path = "Pods/Target Support Files/Pods-PuttMetricsAPP/Pods-PuttMetricsAPP.debug.xcconfig"; sourceTree = "<group>"; };
		30404310E512D0160C3F37A2 /* Pods-PuttMetricsAPP.release.xcconfig */ = {isa = PBXFileReference; includeInIndex = 1; lastKnownFileType = text.xcconfig; name = "Pods-PuttMetricsAPP.release.xcconfig"; path = "Pods/Target Support Files/Pods-PuttMetricsAPP/Pods-PuttMetricsAPP.release.xcconfig"; sourceTree = "<group>"; };
		CE1FCEB51FD73BC6002A8263 /* RoundedEdgesLabels.swift */ = {isa = PBXFileReference; lastKnownFileType = sourcecode.swift; path = RoundedEdgesLabels.swift; sourceTree = "<group>"; };
		CE1FCEB71FD73C0A002A8263 /* FivetoTheGoodLabels.swift */ = {isa = PBXFileReference; lastKnownFileType = sourcecode.swift; path = FivetoTheGoodLabels.swift; sourceTree = "<group>"; };
		CE1FCEBB1FD8A31D002A8263 /* DistanceScoring.swift */ = {isa = PBXFileReference; lastKnownFileType = sourcecode.swift; path = DistanceScoring.swift; sourceTree = "<group>"; };
		CE1FCEBD1FD8D5E9002A8263 /* TotalScoringArrayForTugOfWar.swift */ = {isa = PBXFileReference; lastKnownFileType = sourcecode.swift; path = TotalScoringArrayForTugOfWar.swift; sourceTree = "<group>"; };
		CE1FCEBF1FD9A8F7002A8263 /* ResultsTugOfWarVC.swift */ = {isa = PBXFileReference; lastKnownFileType = sourcecode.swift; path = ResultsTugOfWarVC.swift; sourceTree = "<group>"; };
		CE49148E1FE4888B000B1D2F /* TotalScores+CoreDataProperties.swift */ = {isa = PBXFileReference; lastKnownFileType = sourcecode.swift; name = "TotalScores+CoreDataProperties.swift"; path = "../../TotalScores+CoreDataProperties.swift"; sourceTree = "<group>"; };
		CE5302031FE17BBA003CC5B1 /* TenFeetScores+CoreDataProperties.swift */ = {isa = PBXFileReference; fileEncoding = 4; lastKnownFileType = sourcecode.swift; path = "TenFeetScores+CoreDataProperties.swift"; sourceTree = "<group>"; };
		CE5302041FE17BBB003CC5B1 /* TotalScores+CoreDataClass.swift */ = {isa = PBXFileReference; fileEncoding = 4; lastKnownFileType = sourcecode.swift; path = "TotalScores+CoreDataClass.swift"; sourceTree = "<group>"; };
		CE5302051FE17BBB003CC5B1 /* TenFeetScores+CoreDataClass.swift */ = {isa = PBXFileReference; fileEncoding = 4; lastKnownFileType = sourcecode.swift; path = "TenFeetScores+CoreDataClass.swift"; sourceTree = "<group>"; };
		CE53022C1FE17ECA003CC5B1 /* PersistenceService.swift */ = {isa = PBXFileReference; lastKnownFileType = sourcecode.swift; path = PersistenceService.swift; sourceTree = "<group>"; };
		CE53022E1FE1B871003CC5B1 /* SixtyFeetScores+CoreDataProperties.swift */ = {isa = PBXFileReference; lastKnownFileType = sourcecode.swift; name = "SixtyFeetScores+CoreDataProperties.swift"; path = "/Users/User/Desktop/AppProjects/PuttMetricsAPP/PuttMetricsAPP/Supporting Files/SixtyFeetScores+CoreDataProperties.swift"; sourceTree = "<absolute>"; };
		CE53022F1FE1B871003CC5B1 /* FortyFeetScores+CoreDataClass.swift */ = {isa = PBXFileReference; lastKnownFileType = sourcecode.swift; name = "FortyFeetScores+CoreDataClass.swift"; path = "/Users/User/Desktop/AppProjects/PuttMetricsAPP/PuttMetricsAPP/Supporting Files/FortyFeetScores+CoreDataClass.swift"; sourceTree = "<absolute>"; };
		CE5302301FE1B871003CC5B1 /* FiftyFiveFeetScores+CoreDataClass.swift */ = {isa = PBXFileReference; lastKnownFileType = sourcecode.swift; name = "FiftyFiveFeetScores+CoreDataClass.swift"; path = "/Users/User/Desktop/AppProjects/PuttMetricsAPP/PuttMetricsAPP/Supporting Files/FiftyFiveFeetScores+CoreDataClass.swift"; sourceTree = "<absolute>"; };
		CE5302311FE1B871003CC5B1 /* TwentyFeetScores+CoreDataClass.swift */ = {isa = PBXFileReference; lastKnownFileType = sourcecode.swift; name = "TwentyFeetScores+CoreDataClass.swift"; path = "/Users/User/Desktop/AppProjects/PuttMetricsAPP/PuttMetricsAPP/Supporting Files/TwentyFeetScores+CoreDataClass.swift"; sourceTree = "<absolute>"; };
		CE5302321FE1B872003CC5B1 /* FiftyFiveFeetScores+CoreDataProperties.swift */ = {isa = PBXFileReference; lastKnownFileType = sourcecode.swift; name = "FiftyFiveFeetScores+CoreDataProperties.swift"; path = "/Users/User/Desktop/AppProjects/PuttMetricsAPP/PuttMetricsAPP/Supporting Files/FiftyFiveFeetScores+CoreDataProperties.swift"; sourceTree = "<absolute>"; };
		CE5302331FE1B872003CC5B1 /* ThirtyFiveFeetScores+CoreDataClass.swift */ = {isa = PBXFileReference; lastKnownFileType = sourcecode.swift; name = "ThirtyFiveFeetScores+CoreDataClass.swift"; path = "/Users/User/Desktop/AppProjects/PuttMetricsAPP/PuttMetricsAPP/Supporting Files/ThirtyFiveFeetScores+CoreDataClass.swift"; sourceTree = "<absolute>"; };
		CE5302341FE1B872003CC5B1 /* ThirtyFiveFeetScores+CoreDataProperties.swift */ = {isa = PBXFileReference; lastKnownFileType = sourcecode.swift; name = "ThirtyFiveFeetScores+CoreDataProperties.swift"; path = "/Users/User/Desktop/AppProjects/PuttMetricsAPP/PuttMetricsAPP/Supporting Files/ThirtyFiveFeetScores+CoreDataProperties.swift"; sourceTree = "<absolute>"; };
		CE5302351FE1B872003CC5B1 /* FortyFiveFeetScores+CoreDataClass.swift */ = {isa = PBXFileReference; lastKnownFileType = sourcecode.swift; name = "FortyFiveFeetScores+CoreDataClass.swift"; path = "/Users/User/Desktop/AppProjects/PuttMetricsAPP/PuttMetricsAPP/Supporting Files/FortyFiveFeetScores+CoreDataClass.swift"; sourceTree = "<absolute>"; };
		CE5302361FE1B873003CC5B1 /* FortyFiveFeetScores+CoreDataProperties.swift */ = {isa = PBXFileReference; lastKnownFileType = sourcecode.swift; name = "FortyFiveFeetScores+CoreDataProperties.swift"; path = "/Users/User/Desktop/AppProjects/PuttMetricsAPP/PuttMetricsAPP/Supporting Files/FortyFiveFeetScores+CoreDataProperties.swift"; sourceTree = "<absolute>"; };
		CE5302371FE1B873003CC5B1 /* FifteenFeetScores+CoreDataClass.swift */ = {isa = PBXFileReference; lastKnownFileType = sourcecode.swift; name = "FifteenFeetScores+CoreDataClass.swift"; path = "/Users/User/Desktop/AppProjects/PuttMetricsAPP/PuttMetricsAPP/Supporting Files/FifteenFeetScores+CoreDataClass.swift"; sourceTree = "<absolute>"; };
		CE5302381FE1B873003CC5B1 /* FiftyFeetScores+CoreDataClass.swift */ = {isa = PBXFileReference; lastKnownFileType = sourcecode.swift; name = "FiftyFeetScores+CoreDataClass.swift"; path = "/Users/User/Desktop/AppProjects/PuttMetricsAPP/PuttMetricsAPP/Supporting Files/FiftyFeetScores+CoreDataClass.swift"; sourceTree = "<absolute>"; };
		CE5302391FE1B873003CC5B1 /* TwentyFeetScores+CoreDataProperties.swift */ = {isa = PBXFileReference; lastKnownFileType = sourcecode.swift; name = "TwentyFeetScores+CoreDataProperties.swift"; path = "/Users/User/Desktop/AppProjects/PuttMetricsAPP/PuttMetricsAPP/Supporting Files/TwentyFeetScores+CoreDataProperties.swift"; sourceTree = "<absolute>"; };
		CE53023A1FE1B874003CC5B1 /* ThirtyFeetScores+CoreDataProperties.swift */ = {isa = PBXFileReference; lastKnownFileType = sourcecode.swift; name = "ThirtyFeetScores+CoreDataProperties.swift"; path = "/Users/User/Desktop/AppProjects/PuttMetricsAPP/PuttMetricsAPP/Supporting Files/ThirtyFeetScores+CoreDataProperties.swift"; sourceTree = "<absolute>"; };
		CE53023B1FE1B874003CC5B1 /* TwentyFiveFeetScores+CoreDataProperties.swift */ = {isa = PBXFileReference; lastKnownFileType = sourcecode.swift; name = "TwentyFiveFeetScores+CoreDataProperties.swift"; path = "/Users/User/Desktop/AppProjects/PuttMetricsAPP/PuttMetricsAPP/Supporting Files/TwentyFiveFeetScores+CoreDataProperties.swift"; sourceTree = "<absolute>"; };
		CE53023C1FE1B874003CC5B1 /* ThirtyFeetScores+CoreDataClass.swift */ = {isa = PBXFileReference; lastKnownFileType = sourcecode.swift; name = "ThirtyFeetScores+CoreDataClass.swift"; path = "/Users/User/Desktop/AppProjects/PuttMetricsAPP/PuttMetricsAPP/Supporting Files/ThirtyFeetScores+CoreDataClass.swift"; sourceTree = "<absolute>"; };
		CE53023D1FE1B874003CC5B1 /* FifteenFeetScores+CoreDataProperties.swift */ = {isa = PBXFileReference; lastKnownFileType = sourcecode.swift; name = "FifteenFeetScores+CoreDataProperties.swift"; path = "/Users/User/Desktop/AppProjects/PuttMetricsAPP/PuttMetricsAPP/Supporting Files/FifteenFeetScores+CoreDataProperties.swift"; sourceTree = "<absolute>"; };
		CE53023E1FE1B875003CC5B1 /* FiftyFeetScores+CoreDataProperties.swift */ = {isa = PBXFileReference; lastKnownFileType = sourcecode.swift; name = "FiftyFeetScores+CoreDataProperties.swift"; path = "/Users/User/Desktop/AppProjects/PuttMetricsAPP/PuttMetricsAPP/Supporting Files/FiftyFeetScores+CoreDataProperties.swift"; sourceTree = "<absolute>"; };
		CE53023F1FE1B875003CC5B1 /* SixtyFeetScores+CoreDataClass.swift */ = {isa = PBXFileReference; lastKnownFileType = sourcecode.swift; name = "SixtyFeetScores+CoreDataClass.swift"; path = "/Users/User/Desktop/AppProjects/PuttMetricsAPP/PuttMetricsAPP/Supporting Files/SixtyFeetScores+CoreDataClass.swift"; sourceTree = "<absolute>"; };
		CE5302401FE1B875003CC5B1 /* FortyFeetScores+CoreDataProperties.swift */ = {isa = PBXFileReference; lastKnownFileType = sourcecode.swift; name = "FortyFeetScores+CoreDataProperties.swift"; path = "/Users/User/Desktop/AppProjects/PuttMetricsAPP/PuttMetricsAPP/Supporting Files/FortyFeetScores+CoreDataProperties.swift"; sourceTree = "<absolute>"; };
		CE5302411FE1B875003CC5B1 /* TwentyFiveFeetScores+CoreDataClass.swift */ = {isa = PBXFileReference; lastKnownFileType = sourcecode.swift; name = "TwentyFiveFeetScores+CoreDataClass.swift"; path = "/Users/User/Desktop/AppProjects/PuttMetricsAPP/PuttMetricsAPP/Supporting Files/TwentyFiveFeetScores+CoreDataClass.swift"; sourceTree = "<absolute>"; };
		CE968F261FE5F0B300571738 /* icon attributions.swift */ = {isa = PBXFileReference; lastKnownFileType = sourcecode.swift; path = "icon attributions.swift"; sourceTree = "<group>"; };
		CEB2C48C1FDF0E8400F4BC5E /* tableViewCellResultsPuttOfWarTableViewCell.swift */ = {isa = PBXFileReference; lastKnownFileType = sourcecode.swift; path = tableViewCellResultsPuttOfWarTableViewCell.swift; sourceTree = "<group>"; };
		CEB2C4B01FE0231000F4BC5E /* PuttMetricsAPP.xcdatamodel */ = {isa = PBXFileReference; lastKnownFileType = wrapper.xcdatamodel; path = PuttMetricsAPP.xcdatamodel; sourceTree = "<group>"; };
		CEE82A861FD333B200EA1414 /* PuttMetricsAPP.app */ = {isa = PBXFileReference; explicitFileType = wrapper.application; includeInIndex = 0; path = PuttMetricsAPP.app; sourceTree = BUILT_PRODUCTS_DIR; };
		CEE82A891FD333B200EA1414 /* AppDelegate.swift */ = {isa = PBXFileReference; lastKnownFileType = sourcecode.swift; path = AppDelegate.swift; sourceTree = "<group>"; };
		CEE82A8B1FD333B200EA1414 /* ViewController.swift */ = {isa = PBXFileReference; lastKnownFileType = sourcecode.swift; path = ViewController.swift; sourceTree = "<group>"; };
		CEE82A901FD333B200EA1414 /* Assets.xcassets */ = {isa = PBXFileReference; lastKnownFileType = folder.assetcatalog; path = Assets.xcassets; sourceTree = "<group>"; };
		CEE82A931FD333B200EA1414 /* Base */ = {isa = PBXFileReference; lastKnownFileType = file.storyboard; name = Base; path = Base.lproj/LaunchScreen.storyboard; sourceTree = "<group>"; };
		CEE82A951FD333B200EA1414 /* Info.plist */ = {isa = PBXFileReference; lastKnownFileType = text.plist.xml; path = Info.plist; sourceTree = "<group>"; };
		CEE82A9F1FD3360B00EA1414 /* Default-568h@2x.png */ = {isa = PBXFileReference; lastKnownFileType = image.png; path = "Default-568h@2x.png"; sourceTree = "<group>"; };
		CEE82AA11FD3376500EA1414 /* FivePuttsPerLevelGameVC.swift */ = {isa = PBXFileReference; lastKnownFileType = sourcecode.swift; path = FivePuttsPerLevelGameVC.swift; sourceTree = "<group>"; };
		CEE82AA41FD3390700EA1414 /* ToggleButton.swift */ = {isa = PBXFileReference; lastKnownFileType = sourcecode.swift; path = ToggleButton.swift; sourceTree = "<group>"; };
		CEE82AC41FD3C16300EA1414 /* FivePutts.xib */ = {isa = PBXFileReference; lastKnownFileType = file.xib; path = FivePutts.xib; sourceTree = "<group>"; };
		CEE82AC61FD3C41200EA1414 /* FivePuttsXib.swift */ = {isa = PBXFileReference; lastKnownFileType = sourcecode.swift; path = FivePuttsXib.swift; sourceTree = "<group>"; };
		CEE82AC81FD3F18F00EA1414 /* main.storyboard */ = {isa = PBXFileReference; lastKnownFileType = file.storyboard; path = main.storyboard; sourceTree = "<group>"; };
		DE3A094F50BDB4707F4453E4 /* Pods_PuttMetricsAPP.framework */ = {isa = PBXFileReference; explicitFileType = wrapper.framework; includeInIndex = 0; path = Pods_PuttMetricsAPP.framework; sourceTree = BUILT_PRODUCTS_DIR; };
/* End PBXFileReference section */

/* Begin PBXFrameworksBuildPhase section */
		CEE82A831FD333B200EA1414 /* Frameworks */ = {
			isa = PBXFrameworksBuildPhase;
			buildActionMask = 2147483647;
			files = (
				3D850973829419EDFFBC22E9 /* Pods_PuttMetricsAPP.framework in Frameworks */,
			);
			runOnlyForDeploymentPostprocessing = 0;
		};
/* End PBXFrameworksBuildPhase section */

/* Begin PBXGroup section */
		400692518A5C7539E0194A18 /* Frameworks */ = {
			isa = PBXGroup;
			children = (
				DE3A094F50BDB4707F4453E4 /* Pods_PuttMetricsAPP.framework */,
			);
			name = Frameworks;
			sourceTree = "<group>";
		};
		9650794C0A5077F83A2272EC /* Pods */ = {
			isa = PBXGroup;
			children = (
				0D7106F2E8A4EFE56BEABC6E /* Pods-PuttMetricsAPP.debug.xcconfig */,
				30404310E512D0160C3F37A2 /* Pods-PuttMetricsAPP.release.xcconfig */,
			);
			name = Pods;
			sourceTree = "<group>";
		};
		CEE82A7D1FD333B200EA1414 = {
			isa = PBXGroup;
			children = (
				CEE82A9F1FD3360B00EA1414 /* Default-568h@2x.png */,
				CEE82A881FD333B200EA1414 /* PuttMetricsAPP */,
				CEE82A871FD333B200EA1414 /* Products */,
				9650794C0A5077F83A2272EC /* Pods */,
				400692518A5C7539E0194A18 /* Frameworks */,
			);
			sourceTree = "<group>";
		};
		CEE82A871FD333B200EA1414 /* Products */ = {
			isa = PBXGroup;
			children = (
				CEE82A861FD333B200EA1414 /* PuttMetricsAPP.app */,
			);
			name = Products;
			sourceTree = "<group>";
		};
		CEE82A881FD333B200EA1414 /* PuttMetricsAPP */ = {
			isa = PBXGroup;
			children = (
				CEE82AA31FD338B800EA1414 /* Subclasses */,
				CEE82A9B1FD3350B00EA1414 /* Model */,
				CEE82A9C1FD3351D00EA1414 /* View */,
				CEE82A9D1FD3352400EA1414 /* Controller */,
				CEE82A901FD333B200EA1414 /* Assets.xcassets */,
				CEE82A9E1FD3356900EA1414 /* Supporting Files */,
			);
			path = PuttMetricsAPP;
			sourceTree = "<group>";
		};
		CEE82A9B1FD3350B00EA1414 /* Model */ = {
			isa = PBXGroup;
			children = (
				CE1FCEBB1FD8A31D002A8263 /* DistanceScoring.swift */,
				CE1FCEBD1FD8D5E9002A8263 /* TotalScoringArrayForTugOfWar.swift */,
				CEB2C48C1FDF0E8400F4BC5E /* tableViewCellResultsPuttOfWarTableViewCell.swift */,
			);
			path = Model;
			sourceTree = "<group>";
		};
		CEE82A9C1FD3351D00EA1414 /* View */ = {
			isa = PBXGroup;
			children = (
				CEE82A921FD333B200EA1414 /* LaunchScreen.storyboard */,
				CEE82AC81FD3F18F00EA1414 /* main.storyboard */,
				CEE82AC41FD3C16300EA1414 /* FivePutts.xib */,
			);
			path = View;
			sourceTree = "<group>";
		};
		CEE82A9D1FD3352400EA1414 /* Controller */ = {
			isa = PBXGroup;
			children = (
				CEE82A891FD333B200EA1414 /* AppDelegate.swift */,
				CEE82A8B1FD333B200EA1414 /* ViewController.swift */,
				CEE82AA11FD3376500EA1414 /* FivePuttsPerLevelGameVC.swift */,
				CEE82AC61FD3C41200EA1414 /* FivePuttsXib.swift */,
				CE1FCEB71FD73C0A002A8263 /* FivetoTheGoodLabels.swift */,
				CE1FCEBF1FD9A8F7002A8263 /* ResultsTugOfWarVC.swift */,
			);
			path = Controller;
			sourceTree = "<group>";
		};
		CEE82A9E1FD3356900EA1414 /* Supporting Files */ = {
			isa = PBXGroup;
			children = (
				CE53022F1FE1B871003CC5B1 /* FortyFeetScores+CoreDataClass.swift */,
				CE5302401FE1B875003CC5B1 /* FortyFeetScores+CoreDataProperties.swift */,
				CE5302331FE1B872003CC5B1 /* ThirtyFiveFeetScores+CoreDataClass.swift */,
				CE5302341FE1B872003CC5B1 /* ThirtyFiveFeetScores+CoreDataProperties.swift */,
				CE53023C1FE1B874003CC5B1 /* ThirtyFeetScores+CoreDataClass.swift */,
				CE53023A1FE1B874003CC5B1 /* ThirtyFeetScores+CoreDataProperties.swift */,
				CE5302311FE1B871003CC5B1 /* TwentyFeetScores+CoreDataClass.swift */,
				CE5302391FE1B873003CC5B1 /* TwentyFeetScores+CoreDataProperties.swift */,
				CE5302371FE1B873003CC5B1 /* FifteenFeetScores+CoreDataClass.swift */,
				CE53023D1FE1B874003CC5B1 /* FifteenFeetScores+CoreDataProperties.swift */,
				CE53023F1FE1B875003CC5B1 /* SixtyFeetScores+CoreDataClass.swift */,
				CE53022E1FE1B871003CC5B1 /* SixtyFeetScores+CoreDataProperties.swift */,
				CE5302351FE1B872003CC5B1 /* FortyFiveFeetScores+CoreDataClass.swift */,
				CE5302361FE1B873003CC5B1 /* FortyFiveFeetScores+CoreDataProperties.swift */,
				CE5302411FE1B875003CC5B1 /* TwentyFiveFeetScores+CoreDataClass.swift */,
				CE53023B1FE1B874003CC5B1 /* TwentyFiveFeetScores+CoreDataProperties.swift */,
				CE5302301FE1B871003CC5B1 /* FiftyFiveFeetScores+CoreDataClass.swift */,
				CE5302321FE1B872003CC5B1 /* FiftyFiveFeetScores+CoreDataProperties.swift */,
				CE5302381FE1B873003CC5B1 /* FiftyFeetScores+CoreDataClass.swift */,
				CE53023E1FE1B875003CC5B1 /* FiftyFeetScores+CoreDataProperties.swift */,
				CE5302041FE17BBB003CC5B1 /* TotalScores+CoreDataClass.swift */,
				CE49148E1FE4888B000B1D2F /* TotalScores+CoreDataProperties.swift */,
				CE5302051FE17BBB003CC5B1 /* TenFeetScores+CoreDataClass.swift */,
				CE5302031FE17BBA003CC5B1 /* TenFeetScores+CoreDataProperties.swift */,
				CE53022C1FE17ECA003CC5B1 /* PersistenceService.swift */,
				CEE82A951FD333B200EA1414 /* Info.plist */,
				CEB2C4AF1FE0231000F4BC5E /* PuttMetricsAPP.xcdatamodeld */,
				CE968F261FE5F0B300571738 /* icon attributions.swift */,
			);
			path = "Supporting Files";
			sourceTree = "<group>";
		};
		CEE82AA31FD338B800EA1414 /* Subclasses */ = {
			isa = PBXGroup;
			children = (
				CEE82AA41FD3390700EA1414 /* ToggleButton.swift */,
				CE1FCEB51FD73BC6002A8263 /* RoundedEdgesLabels.swift */,
			);
			path = Subclasses;
			sourceTree = "<group>";
		};
/* End PBXGroup section */

/* Begin PBXNativeTarget section */
		CEE82A851FD333B200EA1414 /* PuttMetricsAPP */ = {
			isa = PBXNativeTarget;
			buildConfigurationList = CEE82A981FD333B200EA1414 /* Build configuration list for PBXNativeTarget "PuttMetricsAPP" */;
			buildPhases = (
				438CFC2E5209AF919FC2BA44 /* [CP] Check Pods Manifest.lock */,
				CEE82A821FD333B200EA1414 /* Sources */,
				CEE82A831FD333B200EA1414 /* Frameworks */,
				CEE82A841FD333B200EA1414 /* Resources */,
				DF7AE789014D331CAF5F71A0 /* [CP] Embed Pods Frameworks */,
				7F4837EF06D9B41677D927F8 /* [CP] Copy Pods Resources */,
			);
			buildRules = (
			);
			dependencies = (
			);
			name = PuttMetricsAPP;
			productName = PuttMetricsAPP;
			productReference = CEE82A861FD333B200EA1414 /* PuttMetricsAPP.app */;
			productType = "com.apple.product-type.application";
		};
/* End PBXNativeTarget section */

/* Begin PBXProject section */
		CEE82A7E1FD333B200EA1414 /* Project object */ = {
			isa = PBXProject;
			attributes = {
				LastSwiftUpdateCheck = 0910;
				LastUpgradeCheck = 0910;
				ORGANIZATIONNAME = DustinPerry;
				TargetAttributes = {
					CEE82A851FD333B200EA1414 = {
						CreatedOnToolsVersion = 9.1;
						ProvisioningStyle = Automatic;
					};
				};
			};
			buildConfigurationList = CEE82A811FD333B200EA1414 /* Build configuration list for PBXProject "PuttMetricsAPP" */;
			compatibilityVersion = "Xcode 8.0";
			developmentRegion = en;
			hasScannedForEncodings = 0;
			knownRegions = (
				en,
				Base,
			);
			mainGroup = CEE82A7D1FD333B200EA1414;
			productRefGroup = CEE82A871FD333B200EA1414 /* Products */;
			projectDirPath = "";
			projectRoot = "";
			targets = (
				CEE82A851FD333B200EA1414 /* PuttMetricsAPP */,
			);
		};
/* End PBXProject section */

/* Begin PBXResourcesBuildPhase section */
		CEE82A841FD333B200EA1414 /* Resources */ = {
			isa = PBXResourcesBuildPhase;
			buildActionMask = 2147483647;
			files = (
				CEE82A941FD333B200EA1414 /* LaunchScreen.storyboard in Resources */,
				CEE82AC51FD3C16300EA1414 /* FivePutts.xib in Resources */,
				CEE82AA01FD3360B00EA1414 /* Default-568h@2x.png in Resources */,
				CEE82A911FD333B200EA1414 /* Assets.xcassets in Resources */,
				CEE82AC91FD3F18F00EA1414 /* main.storyboard in Resources */,
			);
			runOnlyForDeploymentPostprocessing = 0;
		};
/* End PBXResourcesBuildPhase section */

/* Begin PBXShellScriptBuildPhase section */
		438CFC2E5209AF919FC2BA44 /* [CP] Check Pods Manifest.lock */ = {
			isa = PBXShellScriptBuildPhase;
			buildActionMask = 2147483647;
			files = (
			);
			inputPaths = (
				"${PODS_PODFILE_DIR_PATH}/Podfile.lock",
				"${PODS_ROOT}/Manifest.lock",
			);
			name = "[CP] Check Pods Manifest.lock";
			outputPaths = (
				"$(DERIVED_FILE_DIR)/Pods-PuttMetricsAPP-checkManifestLockResult.txt",
			);
			runOnlyForDeploymentPostprocessing = 0;
			shellPath = /bin/sh;
			shellScript = "diff \"${PODS_PODFILE_DIR_PATH}/Podfile.lock\" \"${PODS_ROOT}/Manifest.lock\" > /dev/null\nif [ $? != 0 ] ; then\n    # print error to STDERR\n    echo \"error: The sandbox is not in sync with the Podfile.lock. Run 'pod install' or update your CocoaPods installation.\" >&2\n    exit 1\nfi\n# This output is used by Xcode 'outputs' to avoid re-running this script phase.\necho \"SUCCESS\" > \"${SCRIPT_OUTPUT_FILE_0}\"\n";
			showEnvVarsInLog = 0;
		};
		7F4837EF06D9B41677D927F8 /* [CP] Copy Pods Resources */ = {
			isa = PBXShellScriptBuildPhase;
			buildActionMask = 2147483647;
			files = (
			);
			inputPaths = (
			);
			name = "[CP] Copy Pods Resources";
			outputPaths = (
			);
			runOnlyForDeploymentPostprocessing = 0;
			shellPath = /bin/sh;
			shellScript = "\"${SRCROOT}/Pods/Target Support Files/Pods-PuttMetricsAPP/Pods-PuttMetricsAPP-resources.sh\"\n";
			showEnvVarsInLog = 0;
		};
		DF7AE789014D331CAF5F71A0 /* [CP] Embed Pods Frameworks */ = {
			isa = PBXShellScriptBuildPhase;
			buildActionMask = 2147483647;
			files = (
			);
			inputPaths = (
				"${SRCROOT}/Pods/Target Support Files/Pods-PuttMetricsAPP/Pods-PuttMetricsAPP-frameworks.sh",
				"${BUILT_PRODUCTS_DIR}/ChameleonFramework/ChameleonFramework.framework",
				"${BUILT_PRODUCTS_DIR}/GTMSessionFetcher/GTMSessionFetcher.framework",
				"${BUILT_PRODUCTS_DIR}/GoogleToolboxForMac/GoogleToolboxForMac.framework",
				"${BUILT_PRODUCTS_DIR}/SVProgressHUD/SVProgressHUD.framework",
				"${BUILT_PRODUCTS_DIR}/leveldb-library/leveldb.framework",
				"${BUILT_PRODUCTS_DIR}/nanopb/nanopb.framework",
			);
			name = "[CP] Embed Pods Frameworks";
			outputPaths = (
				"${TARGET_BUILD_DIR}/${FRAMEWORKS_FOLDER_PATH}/ChameleonFramework.framework",
				"${TARGET_BUILD_DIR}/${FRAMEWORKS_FOLDER_PATH}/GTMSessionFetcher.framework",
				"${TARGET_BUILD_DIR}/${FRAMEWORKS_FOLDER_PATH}/GoogleToolboxForMac.framework",
				"${TARGET_BUILD_DIR}/${FRAMEWORKS_FOLDER_PATH}/SVProgressHUD.framework",
				"${TARGET_BUILD_DIR}/${FRAMEWORKS_FOLDER_PATH}/leveldb.framework",
				"${TARGET_BUILD_DIR}/${FRAMEWORKS_FOLDER_PATH}/nanopb.framework",
			);
			runOnlyForDeploymentPostprocessing = 0;
			shellPath = /bin/sh;
			shellScript = "\"${SRCROOT}/Pods/Target Support Files/Pods-PuttMetricsAPP/Pods-PuttMetricsAPP-frameworks.sh\"\n";
			showEnvVarsInLog = 0;
		};
/* End PBXShellScriptBuildPhase section */

/* Begin PBXSourcesBuildPhase section */
		CEE82A821FD333B200EA1414 /* Sources */ = {
			isa = PBXSourcesBuildPhase;
			buildActionMask = 2147483647;
			files = (
				CE5302431FE1B876003CC5B1 /* FortyFeetScores+CoreDataClass.swift in Sources */,
				CE5302541FE1B876003CC5B1 /* FortyFeetScores+CoreDataProperties.swift in Sources */,
				CE5302441FE1B876003CC5B1 /* FiftyFiveFeetScores+CoreDataClass.swift in Sources */,
				CE53024E1FE1B876003CC5B1 /* ThirtyFeetScores+CoreDataProperties.swift in Sources */,
				CE5302071FE17BBB003CC5B1 /* TenFeetScores+CoreDataProperties.swift in Sources */,
				CE53024C1FE1B876003CC5B1 /* FiftyFeetScores+CoreDataClass.swift in Sources */,
				CE5302531FE1B876003CC5B1 /* SixtyFeetScores+CoreDataClass.swift in Sources */,
				CE1FCEBC1FD8A31D002A8263 /* DistanceScoring.swift in Sources */,
				CE1FCEB81FD73C0A002A8263 /* FivetoTheGoodLabels.swift in Sources */,
				CEE82A8C1FD333B200EA1414 /* ViewController.swift in Sources */,
				CE53024D1FE1B876003CC5B1 /* TwentyFeetScores+CoreDataProperties.swift in Sources */,
				CE53024F1FE1B876003CC5B1 /* TwentyFiveFeetScores+CoreDataProperties.swift in Sources */,
				CEE82AA21FD3376500EA1414 /* FivePuttsPerLevelGameVC.swift in Sources */,
				CE968F271FE5F0B300571738 /* icon attributions.swift in Sources */,
				CE5302091FE17BBB003CC5B1 /* TenFeetScores+CoreDataClass.swift in Sources */,
				CE1FCEC01FD9A8F7002A8263 /* ResultsTugOfWarVC.swift in Sources */,
				CE5302461FE1B876003CC5B1 /* FiftyFiveFeetScores+CoreDataProperties.swift in Sources */,
				CEE82A8A1FD333B200EA1414 /* AppDelegate.swift in Sources */,
				CEE82AC71FD3C41200EA1414 /* FivePuttsXib.swift in Sources */,
				CEE82AA51FD3390700EA1414 /* ToggleButton.swift in Sources */,
				CE5302511FE1B876003CC5B1 /* FifteenFeetScores+CoreDataProperties.swift in Sources */,
				CE5302491FE1B876003CC5B1 /* FortyFiveFeetScores+CoreDataClass.swift in Sources */,
				CE5302521FE1B876003CC5B1 /* FiftyFeetScores+CoreDataProperties.swift in Sources */,
				CE5302451FE1B876003CC5B1 /* TwentyFeetScores+CoreDataClass.swift in Sources */,
				CE53024A1FE1B876003CC5B1 /* FortyFiveFeetScores+CoreDataProperties.swift in Sources */,
				CE5302421FE1B876003CC5B1 /* SixtyFeetScores+CoreDataProperties.swift in Sources */,
				CEB2C4B11FE0231000F4BC5E /* PuttMetricsAPP.xcdatamodeld in Sources */,
				CE1FCEB61FD73BC6002A8263 /* RoundedEdgesLabels.swift in Sources */,
				CE5302081FE17BBB003CC5B1 /* TotalScores+CoreDataClass.swift in Sources */,
				CE5302471FE1B876003CC5B1 /* ThirtyFiveFeetScores+CoreDataClass.swift in Sources */,
				CE53024B1FE1B876003CC5B1 /* FifteenFeetScores+CoreDataClass.swift in Sources */,
				CE5302551FE1B876003CC5B1 /* TwentyFiveFeetScores+CoreDataClass.swift in Sources */,
				CE5302501FE1B876003CC5B1 /* ThirtyFeetScores+CoreDataClass.swift in Sources */,
				CE49148F1FE4888C000B1D2F /* TotalScores+CoreDataProperties.swift in Sources */,
				CE53022D1FE17ECA003CC5B1 /* PersistenceService.swift in Sources */,
				CE5302481FE1B876003CC5B1 /* ThirtyFiveFeetScores+CoreDataProperties.swift in Sources */,
				CE1FCEBE1FD8D5E9002A8263 /* TotalScoringArrayForTugOfWar.swift in Sources */,
				CEB2C48D1FDF0E8400F4BC5E /* tableViewCellResultsPuttOfWarTableViewCell.swift in Sources */,
			);
			runOnlyForDeploymentPostprocessing = 0;
		};
/* End PBXSourcesBuildPhase section */

/* Begin PBXVariantGroup section */
		CEE82A921FD333B200EA1414 /* LaunchScreen.storyboard */ = {
			isa = PBXVariantGroup;
			children = (
				CEE82A931FD333B200EA1414 /* Base */,
			);
			name = LaunchScreen.storyboard;
			sourceTree = "<group>";
		};
/* End PBXVariantGroup section */

/* Begin XCBuildConfiguration section */
		CEE82A961FD333B200EA1414 /* Debug */ = {
			isa = XCBuildConfiguration;
			buildSettings = {
				ALWAYS_SEARCH_USER_PATHS = NO;
				CLANG_ANALYZER_NONNULL = YES;
				CLANG_ANALYZER_NUMBER_OBJECT_CONVERSION = YES_AGGRESSIVE;
				CLANG_CXX_LANGUAGE_STANDARD = "gnu++14";
				CLANG_CXX_LIBRARY = "libc++";
				CLANG_ENABLE_MODULES = YES;
				CLANG_ENABLE_OBJC_ARC = YES;
				CLANG_WARN_BLOCK_CAPTURE_AUTORELEASING = YES;
				CLANG_WARN_BOOL_CONVERSION = YES;
				CLANG_WARN_COMMA = YES;
				CLANG_WARN_CONSTANT_CONVERSION = YES;
				CLANG_WARN_DIRECT_OBJC_ISA_USAGE = YES_ERROR;
				CLANG_WARN_DOCUMENTATION_COMMENTS = YES;
				CLANG_WARN_EMPTY_BODY = YES;
				CLANG_WARN_ENUM_CONVERSION = YES;
				CLANG_WARN_INFINITE_RECURSION = YES;
				CLANG_WARN_INT_CONVERSION = YES;
				CLANG_WARN_NON_LITERAL_NULL_CONVERSION = YES;
				CLANG_WARN_OBJC_LITERAL_CONVERSION = YES;
				CLANG_WARN_OBJC_ROOT_CLASS = YES_ERROR;
				CLANG_WARN_RANGE_LOOP_ANALYSIS = YES;
				CLANG_WARN_STRICT_PROTOTYPES = YES;
				CLANG_WARN_SUSPICIOUS_MOVE = YES;
				CLANG_WARN_UNGUARDED_AVAILABILITY = YES_AGGRESSIVE;
				CLANG_WARN_UNREACHABLE_CODE = YES;
				CLANG_WARN__DUPLICATE_METHOD_MATCH = YES;
				CODE_SIGN_IDENTITY = "iPhone Developer";
				COPY_PHASE_STRIP = NO;
				DEBUG_INFORMATION_FORMAT = dwarf;
				ENABLE_STRICT_OBJC_MSGSEND = YES;
				ENABLE_TESTABILITY = YES;
				GCC_C_LANGUAGE_STANDARD = gnu11;
				GCC_DYNAMIC_NO_PIC = NO;
				GCC_NO_COMMON_BLOCKS = YES;
				GCC_OPTIMIZATION_LEVEL = 0;
				GCC_PREPROCESSOR_DEFINITIONS = (
					"DEBUG=1",
					"$(inherited)",
				);
				GCC_WARN_64_TO_32_BIT_CONVERSION = YES;
				GCC_WARN_ABOUT_RETURN_TYPE = YES_ERROR;
				GCC_WARN_UNDECLARED_SELECTOR = YES;
				GCC_WARN_UNINITIALIZED_AUTOS = YES_AGGRESSIVE;
				GCC_WARN_UNUSED_FUNCTION = YES;
				GCC_WARN_UNUSED_VARIABLE = YES;
				IPHONEOS_DEPLOYMENT_TARGET = 11.1;
				MTL_ENABLE_DEBUG_INFO = YES;
				ONLY_ACTIVE_ARCH = YES;
				SDKROOT = iphoneos;
				SWIFT_ACTIVE_COMPILATION_CONDITIONS = DEBUG;
				SWIFT_OPTIMIZATION_LEVEL = "-Onone";
			};
			name = Debug;
		};
		CEE82A971FD333B200EA1414 /* Release */ = {
			isa = XCBuildConfiguration;
			buildSettings = {
				ALWAYS_SEARCH_USER_PATHS = NO;
				CLANG_ANALYZER_NONNULL = YES;
				CLANG_ANALYZER_NUMBER_OBJECT_CONVERSION = YES_AGGRESSIVE;
				CLANG_CXX_LANGUAGE_STANDARD = "gnu++14";
				CLANG_CXX_LIBRARY = "libc++";
				CLANG_ENABLE_MODULES = YES;
				CLANG_ENABLE_OBJC_ARC = YES;
				CLANG_WARN_BLOCK_CAPTURE_AUTORELEASING = YES;
				CLANG_WARN_BOOL_CONVERSION = YES;
				CLANG_WARN_COMMA = YES;
				CLANG_WARN_CONSTANT_CONVERSION = YES;
				CLANG_WARN_DIRECT_OBJC_ISA_USAGE = YES_ERROR;
				CLANG_WARN_DOCUMENTATION_COMMENTS = YES;
				CLANG_WARN_EMPTY_BODY = YES;
				CLANG_WARN_ENUM_CONVERSION = YES;
				CLANG_WARN_INFINITE_RECURSION = YES;
				CLANG_WARN_INT_CONVERSION = YES;
				CLANG_WARN_NON_LITERAL_NULL_CONVERSION = YES;
				CLANG_WARN_OBJC_LITERAL_CONVERSION = YES;
				CLANG_WARN_OBJC_ROOT_CLASS = YES_ERROR;
				CLANG_WARN_RANGE_LOOP_ANALYSIS = YES;
				CLANG_WARN_STRICT_PROTOTYPES = YES;
				CLANG_WARN_SUSPICIOUS_MOVE = YES;
				CLANG_WARN_UNGUARDED_AVAILABILITY = YES_AGGRESSIVE;
				CLANG_WARN_UNREACHABLE_CODE = YES;
				CLANG_WARN__DUPLICATE_METHOD_MATCH = YES;
				CODE_SIGN_IDENTITY = "iPhone Developer";
				COPY_PHASE_STRIP = NO;
				DEBUG_INFORMATION_FORMAT = "dwarf-with-dsym";
				ENABLE_NS_ASSERTIONS = NO;
				ENABLE_STRICT_OBJC_MSGSEND = YES;
				GCC_C_LANGUAGE_STANDARD = gnu11;
				GCC_NO_COMMON_BLOCKS = YES;
				GCC_WARN_64_TO_32_BIT_CONVERSION = YES;
				GCC_WARN_ABOUT_RETURN_TYPE = YES_ERROR;
				GCC_WARN_UNDECLARED_SELECTOR = YES;
				GCC_WARN_UNINITIALIZED_AUTOS = YES_AGGRESSIVE;
				GCC_WARN_UNUSED_FUNCTION = YES;
				GCC_WARN_UNUSED_VARIABLE = YES;
				IPHONEOS_DEPLOYMENT_TARGET = 11.1;
				MTL_ENABLE_DEBUG_INFO = NO;
				SDKROOT = iphoneos;
				SWIFT_OPTIMIZATION_LEVEL = "-Owholemodule";
				VALIDATE_PRODUCT = YES;
			};
			name = Release;
		};
		CEE82A991FD333B200EA1414 /* Debug */ = {
			isa = XCBuildConfiguration;
			baseConfigurationReference = 0D7106F2E8A4EFE56BEABC6E /* Pods-PuttMetricsAPP.debug.xcconfig */;
			buildSettings = {
				ASSETCATALOG_COMPILER_APPICON_NAME = AppIcon;
				CODE_SIGN_STYLE = Automatic;
				DEVELOPMENT_TEAM = 25TE3D4ELW;
				INFOPLIST_FILE = "$(SRCROOT)/PuttMetricsAPP/Supporting Files/Info.plist";
				LD_RUNPATH_SEARCH_PATHS = "$(inherited) @executable_path/Frameworks";
				PRODUCT_BUNDLE_IDENTIFIER = com.2dperry24.PuttMetricsAPP;
				PRODUCT_NAME = "$(TARGET_NAME)";
				SWIFT_VERSION = 4.0;
				TARGETED_DEVICE_FAMILY = 1;
			};
			name = Debug;
		};
		CEE82A9A1FD333B200EA1414 /* Release */ = {
			isa = XCBuildConfiguration;
			baseConfigurationReference = 30404310E512D0160C3F37A2 /* Pods-PuttMetricsAPP.release.xcconfig */;
			buildSettings = {
				ASSETCATALOG_COMPILER_APPICON_NAME = AppIcon;
				CODE_SIGN_STYLE = Automatic;
				DEVELOPMENT_TEAM = 25TE3D4ELW;
				INFOPLIST_FILE = "$(SRCROOT)/PuttMetricsAPP/Supporting Files/Info.plist";
				LD_RUNPATH_SEARCH_PATHS = "$(inherited) @executable_path/Frameworks";
				PRODUCT_BUNDLE_IDENTIFIER = com.2dperry24.PuttMetricsAPP;
				PRODUCT_NAME = "$(TARGET_NAME)";
				SWIFT_VERSION = 4.0;
				TARGETED_DEVICE_FAMILY = 1;
			};
			name = Release;
		};
/* End XCBuildConfiguration section */

/* Begin XCConfigurationList section */
		CEE82A811FD333B200EA1414 /* Build configuration list for PBXProject "PuttMetricsAPP" */ = {
			isa = XCConfigurationList;
			buildConfigurations = (
				CEE82A961FD333B200EA1414 /* Debug */,
				CEE82A971FD333B200EA1414 /* Release */,
			);
			defaultConfigurationIsVisible = 0;
			defaultConfigurationName = Release;
		};
		CEE82A981FD333B200EA1414 /* Build configuration list for PBXNativeTarget "PuttMetricsAPP" */ = {
			isa = XCConfigurationList;
			buildConfigurations = (
				CEE82A991FD333B200EA1414 /* Debug */,
				CEE82A9A1FD333B200EA1414 /* Release */,
			);
			defaultConfigurationIsVisible = 0;
			defaultConfigurationName = Release;
		};
/* End XCConfigurationList section */

/* Begin XCVersionGroup section */
		CEB2C4AF1FE0231000F4BC5E /* PuttMetricsAPP.xcdatamodeld */ = {
			isa = XCVersionGroup;
			children = (
				CEB2C4B01FE0231000F4BC5E /* PuttMetricsAPP.xcdatamodel */,
			);
			currentVersion = CEB2C4B01FE0231000F4BC5E /* PuttMetricsAPP.xcdatamodel */;
			path = PuttMetricsAPP.xcdatamodeld;
			sourceTree = "<group>";
			versionGroupType = wrapper.xcdatamodel;
		};
/* End XCVersionGroup section */
	};
	rootObject = CEE82A7E1FD333B200EA1414 /* Project object */;
}
